
Microsoft Visual Studio Solution File, Format Version 12.00
# Visual Studio Version 17
VisualStudioVersion = 17.14.36327.8
MinimumVisualStudioVersion = 10.0.40219.1
Project("{FAE04EC0-301F-11D3-BF4B-00C04F79EFBC}") = "Riff.Api.Contracts", "Riff.Api.Contracts\Riff.Api.Contracts.csproj", "{773ACB3F-E722-4FE9-B296-2D9AECE546EA}"
EndProject
Project("{FAE04EC0-301F-11D3-BF4B-00C04F79EFBC}") = "Riff.Api", "Riff.Api\Riff.Api.csproj", "{FE9C5260-2BD1-4114-94F4-DE613A28BB09}"
EndProject
Project("{FAE04EC0-301F-11D3-BF4B-00C04F79EFBC}") = "Riff.Infrastructure", "Riff.Infrastructure\Riff.Infrastructure.csproj", "{E107724D-0508-4FE6-B8A0-2A730EED9073}"
EndProject
Project("{2150E333-8FDC-42A3-9474-1A3956D46DE8}") = "Solution Items", "Solution Items", "{28B09105-BA82-4006-B6DA-EFBE5DAD46D6}"
	ProjectSection(SolutionItems) = preProject
		compose.yaml = compose.yaml
	EndProjectSection
EndProject
Project("{FAE04EC0-301F-11D3-BF4B-00C04F79EFBC}") = "Riff.PlaylistService", "Riff.PlaylistService\Riff.PlaylistService.csproj", "{09D9646A-A5C5-4935-88E0-BB9583E981E4}"
EndProject
Project("{FAE04EC0-301F-11D3-BF4B-00C04F79EFBC}") = "Riff.NotificationService", "Riff.NotificationService\Riff.NotificationService.csproj", "{F21C9B36-8E09-4153-91E4-9824F1140676}"
EndProject
Global
	GlobalSection(SolutionConfigurationPlatforms) = preSolution
		Debug|Any CPU = Debug|Any CPU
		Release|Any CPU = Release|Any CPU
	EndGlobalSection
	GlobalSection(ProjectConfigurationPlatforms) = postSolution
		{773ACB3F-E722-4FE9-B296-2D9AECE546EA}.Debug|Any CPU.ActiveCfg = Debug|Any CPU
		{773ACB3F-E722-4FE9-B296-2D9AECE546EA}.Debug|Any CPU.Build.0 = Debug|Any CPU
		{773ACB3F-E722-4FE9-B296-2D9AECE546EA}.Release|Any CPU.ActiveCfg = Release|Any CPU
		{773ACB3F-E722-4FE9-B296-2D9AECE546EA}.Release|Any CPU.Build.0 = Release|Any CPU
		{FE9C5260-2BD1-4114-94F4-DE613A28BB09}.Debug|Any CPU.ActiveCfg = Debug|Any CPU
		{FE9C5260-2BD1-4114-94F4-DE613A28BB09}.Debug|Any CPU.Build.0 = Debug|Any CPU
		{FE9C5260-2BD1-4114-94F4-DE613A28BB09}.Release|Any CPU.ActiveCfg = Release|Any CPU
		{FE9C5260-2BD1-4114-94F4-DE613A28BB09}.Release|Any CPU.Build.0 = Release|Any CPU
		{E107724D-0508-4FE6-B8A0-2A730EED9073}.Debug|Any CPU.ActiveCfg = Debug|Any CPU
		{E107724D-0508-4FE6-B8A0-2A730EED9073}.Debug|Any CPU.Build.0 = Debug|Any CPU
		{E107724D-0508-4FE6-B8A0-2A730EED9073}.Release|Any CPU.ActiveCfg = Release|Any CPU
		{E107724D-0508-4FE6-B8A0-2A730EED9073}.Release|Any CPU.Build.0 = Release|Any CPU
		{09D9646A-A5C5-4935-88E0-BB9583E981E4}.Debug|Any CPU.ActiveCfg = Debug|Any CPU
		{09D9646A-A5C5-4935-88E0-BB9583E981E4}.Debug|Any CPU.Build.0 = Debug|Any CPU
		{09D9646A-A5C5-4935-88E0-BB9583E981E4}.Release|Any CPU.ActiveCfg = Release|Any CPU
		{09D9646A-A5C5-4935-88E0-BB9583E981E4}.Release|Any CPU.Build.0 = Release|Any CPU
		{F21C9B36-8E09-4153-91E4-9824F1140676}.Debug|Any CPU.ActiveCfg = Debug|Any CPU
		{F21C9B36-8E09-4153-91E4-9824F1140676}.Debug|Any CPU.Build.0 = Debug|Any CPU
		{F21C9B36-8E09-4153-91E4-9824F1140676}.Release|Any CPU.ActiveCfg = Release|Any CPU
		{F21C9B36-8E09-4153-91E4-9824F1140676}.Release|Any CPU.Build.0 = Release|Any CPU
	EndGlobalSection
	GlobalSection(SolutionProperties) = preSolution
		HideSolutionNode = FALSE
	EndGlobalSection
	GlobalSection(ExtensibilityGlobals) = postSolution
		SolutionGuid = {6011B092-73E7-490F-B4FA-BB2C9436F1B9}
	EndGlobalSection
EndGlobal
